# This file was autogenerated by uv via the following command:
#    uv pip compile requirements.txt --python-version 3.11 --python-platform x86_64-manylinux_2_31 -o requirements.lock
aenum==3.1.17
    # via
    #   -c /tmp/claude-1000/-var-home-smu02-StudioProjects-ZigBee-Manager/a18dd44a-0f1e-41a9-bfff-cd3454b03ae2/scratchpad/old.lock.txt
    #   home-assistant-chip-clusters
aiofiles==25.1.0
    # via midea-local
aiohappyeyeballs==2.6.2
    # via
    #   -c /tmp/claude-1000/-var-home-smu02-StudioProjects-ZigBee-Manager/a18dd44a-0f1e-41a9-bfff-cd3454b03ae2/scratchpad/old.lock.txt
    #   aiohttp
aiohttp==3.11.11
    # via
    #   -c /tmp/claude-1000/-var-home-smu02-StudioProjects-ZigBee-Manager/a18dd44a-0f1e-41a9-bfff-cd3454b03ae2/scratchpad/old.lock.txt
    #   -r requirements.txt
    #   midea-local
    #   python-matter-server
    #   zigpy
aiomqtt==2.5.1
    # via
    #   -c /tmp/claude-1000/-var-home-smu02-StudioProjects-ZigBee-Manager/a18dd44a-0f1e-41a9-bfff-cd3454b03ae2/scratchpad/old.lock.txt
    #   -r requirements.txt
aiorun==2024.8.1
    # via
    #   -c /tmp/claude-1000/-var-home-smu02-StudioProjects-ZigBee-Manager/a18dd44a-0f1e-41a9-bfff-cd3454b03ae2/scratchpad/old.lock.txt
    #   python-matter-server
aiosignal==1.4.0
    # via
    #   -c /tmp/claude-1000/-var-home-smu02-StudioProjects-ZigBee-Manager/a18dd44a-0f1e-41a9-bfff-cd3454b03ae2/scratchpad/old.lock.txt
    #   aiohttp
aiosqlite==0.21.0
    # via
    #   -c /tmp/claude-1000/-var-home-smu02-StudioProjects-ZigBee-Manager/a18dd44a-0f1e-41a9-bfff-cd3454b03ae2/scratchpad/old.lock.txt
    #   zigpy
annotated-doc==0.0.4
    # via
    #   -c /tmp/claude-1000/-var-home-smu02-StudioProjects-ZigBee-Manager/a18dd44a-0f1e-41a9-bfff-cd3454b03ae2/scratchpad/old.lock.txt
    #   fastapi
annotated-types==0.7.0
    # via
    #   -c /tmp/claude-1000/-var-home-smu02-StudioProjects-ZigBee-Manager/a18dd44a-0f1e-41a9-bfff-cd3454b03ae2/scratchpad/old.lock.txt
    #   pydantic
anyio==4.14.1
    # via
    #   -c /tmp/claude-1000/-var-home-smu02-StudioProjects-ZigBee-Manager/a18dd44a-0f1e-41a9-bfff-cd3454b03ae2/scratchpad/old.lock.txt
    #   httpx
    #   starlette
    #   watchfiles
asttokens==3.0.1
    # via
    #   -c /tmp/claude-1000/-var-home-smu02-StudioProjects-ZigBee-Manager/a18dd44a-0f1e-41a9-bfff-cd3454b03ae2/scratchpad/old.lock.txt
    #   stack-data
async-timeout==5.0.1
    # via
    #   -c /tmp/claude-1000/-var-home-smu02-StudioProjects-ZigBee-Manager/a18dd44a-0f1e-41a9-bfff-cd3454b03ae2/scratchpad/old.lock.txt
    #   python-matter-server
atomicwrites==1.4.1
    # via
    #   -c /tmp/claude-1000/-var-home-smu02-StudioProjects-ZigBee-Manager/a18dd44a-0f1e-41a9-bfff-cd3454b03ae2/scratchpad/old.lock.txt
    #   python-matter-server
attrs==26.1.0
    # via
    #   -c /tmp/claude-1000/-var-home-smu02-StudioProjects-ZigBee-Manager/a18dd44a-0f1e-41a9-bfff-cd3454b03ae2/scratchpad/old.lock.txt
    #   aiohttp
    #   jsonschema
    #   referencing
    #   zigpy
bellows==0.49.0
    # via
    #   -c /tmp/claude-1000/-var-home-smu02-StudioProjects-ZigBee-Manager/a18dd44a-0f1e-41a9-bfff-cd3454b03ae2/scratchpad/old.lock.txt
    #   -r requirements.txt
casttube==0.2.1
    # via
    #   -c /tmp/claude-1000/-var-home-smu02-StudioProjects-ZigBee-Manager/a18dd44a-0f1e-41a9-bfff-cd3454b03ae2/scratchpad/old.lock.txt
    #   pychromecast
certifi==2026.6.17
    # via
    #   -c /tmp/claude-1000/-var-home-smu02-StudioProjects-ZigBee-Manager/a18dd44a-0f1e-41a9-bfff-cd3454b03ae2/scratchpad/old.lock.txt
    #   httpcore
    #   httpx
    #   requests
cffi==2.0.0
    # via
    #   -c /tmp/claude-1000/-var-home-smu02-StudioProjects-ZigBee-Manager/a18dd44a-0f1e-41a9-bfff-cd3454b03ae2/scratchpad/old.lock.txt
    #   cryptography
charset-normalizer==3.4.7
    # via
    #   -c /tmp/claude-1000/-var-home-smu02-StudioProjects-ZigBee-Manager/a18dd44a-0f1e-41a9-bfff-cd3454b03ae2/scratchpad/old.lock.txt
    #   requests
click==8.4.2
    # via
    #   -c /tmp/claude-1000/-var-home-smu02-StudioProjects-ZigBee-Manager/a18dd44a-0f1e-41a9-bfff-cd3454b03ae2/scratchpad/old.lock.txt
    #   bellows
    #   click-log
    #   uvicorn
click-log==0.4.0
    # via
    #   -c /tmp/claude-1000/-var-home-smu02-StudioProjects-ZigBee-Manager/a18dd44a-0f1e-41a9-bfff-cd3454b03ae2/scratchpad/old.lock.txt
    #   bellows
coloredlogs==15.0.1
    # via
    #   -c /tmp/claude-1000/-var-home-smu02-StudioProjects-ZigBee-Manager/a18dd44a-0f1e-41a9-bfff-cd3454b03ae2/scratchpad/old.lock.txt
    #   home-assistant-chip-core
    #   python-matter-server
    #   zigpy-znp
colorlog==6.10.1
    # via midea-local
commonregex==1.5.4
    # via midea-local
construct==2.10.70
    # via
    #   -c /tmp/claude-1000/-var-home-smu02-StudioProjects-ZigBee-Manager/a18dd44a-0f1e-41a9-bfff-cd3454b03ae2/scratchpad/old.lock.txt
    #   home-assistant-chip-core
crccheck==1.3.1
    # via
    #   -c /tmp/claude-1000/-var-home-smu02-StudioProjects-ZigBee-Manager/a18dd44a-0f1e-41a9-bfff-cd3454b03ae2/scratchpad/old.lock.txt
    #   zigpy
cryptography==44.0.0
    # via
    #   -c /tmp/claude-1000/-var-home-smu02-StudioProjects-ZigBee-Manager/a18dd44a-0f1e-41a9-bfff-cd3454b03ae2/scratchpad/old.lock.txt
    #   home-assistant-chip-core
    #   python-matter-server
    #   zigpy
dacite==1.9.2
    # via
    #   -c /tmp/claude-1000/-var-home-smu02-StudioProjects-ZigBee-Manager/a18dd44a-0f1e-41a9-bfff-cd3454b03ae2/scratchpad/old.lock.txt
    #   home-assistant-chip-clusters
    #   home-assistant-chip-core
decorator==5.3.1
    # via
    #   -c /tmp/claude-1000/-var-home-smu02-StudioProjects-ZigBee-Manager/a18dd44a-0f1e-41a9-bfff-cd3454b03ae2/scratchpad/old.lock.txt
    #   ipdb
    #   ipython
defusedxml==0.7.1
    # via midea-local
deprecated==1.3.1
    # via midea-local
deprecation==2.1.0
    # via
    #   -c /tmp/claude-1000/-var-home-smu02-StudioProjects-ZigBee-Manager/a18dd44a-0f1e-41a9-bfff-cd3454b03ae2/scratchpad/old.lock.txt
    #   home-assistant-chip-core
duckdb==1.5.4
    # via
    #   -c /tmp/claude-1000/-var-home-smu02-StudioProjects-ZigBee-Manager/a18dd44a-0f1e-41a9-bfff-cd3454b03ae2/scratchpad/old.lock.txt
    #   -r requirements.txt
ecdsa==0.19.2
    # via
    #   -c /tmp/claude-1000/-var-home-smu02-StudioProjects-ZigBee-Manager/a18dd44a-0f1e-41a9-bfff-cd3454b03ae2/scratchpad/old.lock.txt
    #   home-assistant-chip-core
executing==2.2.1
    # via
    #   -c /tmp/claude-1000/-var-home-smu02-StudioProjects-ZigBee-Manager/a18dd44a-0f1e-41a9-bfff-cd3454b03ae2/scratchpad/old.lock.txt
    #   stack-data
fastapi==0.138.1
    # via
    #   -c /tmp/claude-1000/-var-home-smu02-StudioProjects-ZigBee-Manager/a18dd44a-0f1e-41a9-bfff-cd3454b03ae2/scratchpad/old.lock.txt
    #   -r requirements.txt
frozendict==2.4.7
    # via
    #   -c /tmp/claude-1000/-var-home-smu02-StudioProjects-ZigBee-Manager/a18dd44a-0f1e-41a9-bfff-cd3454b03ae2/scratchpad/old.lock.txt
    #   zigpy
frozenlist==1.8.0
    # via
    #   -c /tmp/claude-1000/-var-home-smu02-StudioProjects-ZigBee-Manager/a18dd44a-0f1e-41a9-bfff-cd3454b03ae2/scratchpad/old.lock.txt
    #   aiohttp
    #   aiosignal
greeclimate==3.2.0
    # via -r requirements.txt
h11==0.16.0
    # via
    #   -c /tmp/claude-1000/-var-home-smu02-StudioProjects-ZigBee-Manager/a18dd44a-0f1e-41a9-bfff-cd3454b03ae2/scratchpad/old.lock.txt
    #   httpcore
    #   uvicorn
home-assistant-chip-clusters==2024.11.4
    # via
    #   -c /tmp/claude-1000/-var-home-smu02-StudioProjects-ZigBee-Manager/a18dd44a-0f1e-41a9-bfff-cd3454b03ae2/scratchpad/old.lock.txt
    #   python-matter-server
home-assistant-chip-core==2024.11.4
    # via
    #   -c /tmp/claude-1000/-var-home-smu02-StudioProjects-ZigBee-Manager/a18dd44a-0f1e-41a9-bfff-cd3454b03ae2/scratchpad/old.lock.txt
    #   python-matter-server
httpcore==1.0.9
    # via
    #   -c /tmp/claude-1000/-var-home-smu02-StudioProjects-ZigBee-Manager/a18dd44a-0f1e-41a9-bfff-cd3454b03ae2/scratchpad/old.lock.txt
    #   httpx
httptools==0.8.0
    # via
    #   -c /tmp/claude-1000/-var-home-smu02-StudioProjects-ZigBee-Manager/a18dd44a-0f1e-41a9-bfff-cd3454b03ae2/scratchpad/old.lock.txt
    #   uvicorn
httpx==0.28.1
    # via
    #   -c /tmp/claude-1000/-var-home-smu02-StudioProjects-ZigBee-Manager/a18dd44a-0f1e-41a9-bfff-cd3454b03ae2/scratchpad/old.lock.txt
    #   -r requirements.txt
humanfriendly==10.0
    # via
    #   -c /tmp/claude-1000/-var-home-smu02-StudioProjects-ZigBee-Manager/a18dd44a-0f1e-41a9-bfff-cd3454b03ae2/scratchpad/old.lock.txt
    #   coloredlogs
idna==3.18
    # via
    #   -c /tmp/claude-1000/-var-home-smu02-StudioProjects-ZigBee-Manager/a18dd44a-0f1e-41a9-bfff-cd3454b03ae2/scratchpad/old.lock.txt
    #   anyio
    #   httpx
    #   requests
    #   yarl
ifaddr==0.2.0
    # via
    #   -c /tmp/claude-1000/-var-home-smu02-StudioProjects-ZigBee-Manager/a18dd44a-0f1e-41a9-bfff-cd3454b03ae2/scratchpad/old.lock.txt
    #   midea-local
    #   zeroconf
ipdb==0.13.13
    # via
    #   -c /tmp/claude-1000/-var-home-smu02-StudioProjects-ZigBee-Manager/a18dd44a-0f1e-41a9-bfff-cd3454b03ae2/scratchpad/old.lock.txt
    #   home-assistant-chip-core
ipython==9.15.0
    # via
    #   -c /tmp/claude-1000/-var-home-smu02-StudioProjects-ZigBee-Manager/a18dd44a-0f1e-41a9-bfff-cd3454b03ae2/scratchpad/old.lock.txt
    #   ipdb
ipython-pygments-lexers==1.1.1
    # via
    #   -c /tmp/claude-1000/-var-home-smu02-StudioProjects-ZigBee-Manager/a18dd44a-0f1e-41a9-bfff-cd3454b03ae2/scratchpad/old.lock.txt
    #   ipython
isodate==0.7.2
    # via
    #   -c /tmp/claude-1000/-var-home-smu02-StudioProjects-ZigBee-Manager/a18dd44a-0f1e-41a9-bfff-cd3454b03ae2/scratchpad/old.lock.txt
    #   tidalapi
jedi==0.20.0
    # via
    #   -c /tmp/claude-1000/-var-home-smu02-StudioProjects-ZigBee-Manager/a18dd44a-0f1e-41a9-bfff-cd3454b03ae2/scratchpad/old.lock.txt
    #   ipython
jsonschema==4.26.0
    # via
    #   -c /tmp/claude-1000/-var-home-smu02-StudioProjects-ZigBee-Manager/a18dd44a-0f1e-41a9-bfff-cd3454b03ae2/scratchpad/old.lock.txt
    #   zigpy
    #   zigpy-znp
jsonschema-specifications==2025.9.1
    # via
    #   -c /tmp/claude-1000/-var-home-smu02-StudioProjects-ZigBee-Manager/a18dd44a-0f1e-41a9-bfff-cd3454b03ae2/scratchpad/old.lock.txt
    #   jsonschema
markdown-it-py==4.2.0
    # via
    #   -c /tmp/claude-1000/-var-home-smu02-StudioProjects-ZigBee-Manager/a18dd44a-0f1e-41a9-bfff-cd3454b03ae2/scratchpad/old.lock.txt
    #   rich
matplotlib-inline==0.2.2
    # via
    #   -c /tmp/claude-1000/-var-home-smu02-StudioProjects-ZigBee-Manager/a18dd44a-0f1e-41a9-bfff-cd3454b03ae2/scratchpad/old.lock.txt
    #   ipython
mdurl==0.1.2
    # via
    #   -c /tmp/claude-1000/-var-home-smu02-StudioProjects-ZigBee-Manager/a18dd44a-0f1e-41a9-bfff-cd3454b03ae2/scratchpad/old.lock.txt
    #   markdown-it-py
midea-local==6.6.1
    # via -r requirements.txt
mpegdash==0.4.1
    # via
    #   -c /tmp/claude-1000/-var-home-smu02-StudioProjects-ZigBee-Manager/a18dd44a-0f1e-41a9-bfff-cd3454b03ae2/scratchpad/old.lock.txt
    #   tidalapi
multidict==6.7.1
    # via
    #   -c /tmp/claude-1000/-var-home-smu02-StudioProjects-ZigBee-Manager/a18dd44a-0f1e-41a9-bfff-cd3454b03ae2/scratchpad/old.lock.txt
    #   aiohttp
    #   yarl
netifaces==0.11.0
    # via greeclimate
orjson==3.10.13
    # via
    #   -c /tmp/claude-1000/-var-home-smu02-StudioProjects-ZigBee-Manager/a18dd44a-0f1e-41a9-bfff-cd3454b03ae2/scratchpad/old.lock.txt
    #   python-matter-server
packaging==26.2
    # via
    #   -c /tmp/claude-1000/-var-home-smu02-StudioProjects-ZigBee-Manager/a18dd44a-0f1e-41a9-bfff-cd3454b03ae2/scratchpad/old.lock.txt
    #   deprecation
paho-mqtt==2.1.0
    # via
    #   -c /tmp/claude-1000/-var-home-smu02-StudioProjects-ZigBee-Manager/a18dd44a-0f1e-41a9-bfff-cd3454b03ae2/scratchpad/old.lock.txt
    #   aiomqtt
parso==0.8.7
    # via
    #   -c /tmp/claude-1000/-var-home-smu02-StudioProjects-ZigBee-Manager/a18dd44a-0f1e-41a9-bfff-cd3454b03ae2/scratchpad/old.lock.txt
    #   jedi
pexpect==4.9.0
    # via
    #   -c /tmp/claude-1000/-var-home-smu02-StudioProjects-ZigBee-Manager/a18dd44a-0f1e-41a9-bfff-cd3454b03ae2/scratchpad/old.lock.txt
    #   ipython
platformdirs==4.10.0
    # via midea-local
prompt-toolkit==3.0.52
    # via
    #   -c /tmp/claude-1000/-var-home-smu02-StudioProjects-ZigBee-Manager/a18dd44a-0f1e-41a9-bfff-cd3454b03ae2/scratchpad/old.lock.txt
    #   ipython
propcache==0.5.2
    # via
    #   -c /tmp/claude-1000/-var-home-smu02-StudioProjects-ZigBee-Manager/a18dd44a-0f1e-41a9-bfff-cd3454b03ae2/scratchpad/old.lock.txt
    #   aiohttp
    #   yarl
protobuf==7.35.1
    # via
    #   -c /tmp/claude-1000/-var-home-smu02-StudioProjects-ZigBee-Manager/a18dd44a-0f1e-41a9-bfff-cd3454b03ae2/scratchpad/old.lock.txt
    #   pychromecast
psutil==7.2.2
    # via
    #   -c /tmp/claude-1000/-var-home-smu02-StudioProjects-ZigBee-Manager/a18dd44a-0f1e-41a9-bfff-cd3454b03ae2/scratchpad/old.lock.txt
    #   ipython
ptyprocess==0.7.0
    # via
    #   -c /tmp/claude-1000/-var-home-smu02-StudioProjects-ZigBee-Manager/a18dd44a-0f1e-41a9-bfff-cd3454b03ae2/scratchpad/old.lock.txt
    #   pexpect
pure-eval==0.2.3
    # via
    #   -c /tmp/claude-1000/-var-home-smu02-StudioProjects-ZigBee-Manager/a18dd44a-0f1e-41a9-bfff-cd3454b03ae2/scratchpad/old.lock.txt
    #   stack-data
pyaes==1.6.1
    # via
    #   -c /tmp/claude-1000/-var-home-smu02-StudioProjects-ZigBee-Manager/a18dd44a-0f1e-41a9-bfff-cd3454b03ae2/scratchpad/old.lock.txt
    #   tidalapi
pychromecast==14.0.10
    # via
    #   -c /tmp/claude-1000/-var-home-smu02-StudioProjects-ZigBee-Manager/a18dd44a-0f1e-41a9-bfff-cd3454b03ae2/scratchpad/old.lock.txt
    #   -r requirements.txt
pycparser==3.0
    # via
    #   -c /tmp/claude-1000/-var-home-smu02-StudioProjects-ZigBee-Manager/a18dd44a-0f1e-41a9-bfff-cd3454b03ae2/scratchpad/old.lock.txt
    #   cffi
pycryptodome==3.23.0
    # via
    #   greeclimate
    #   midea-local
pydantic==2.13.4
    # via
    #   -c /tmp/claude-1000/-var-home-smu02-StudioProjects-ZigBee-Manager/a18dd44a-0f1e-41a9-bfff-cd3454b03ae2/scratchpad/old.lock.txt
    #   -r requirements.txt
    #   fastapi
pydantic-core==2.46.4
    # via
    #   -c /tmp/claude-1000/-var-home-smu02-StudioProjects-ZigBee-Manager/a18dd44a-0f1e-41a9-bfff-cd3454b03ae2/scratchpad/old.lock.txt
    #   pydantic
pygments==2.20.0
    # via
    #   -c /tmp/claude-1000/-var-home-smu02-StudioProjects-ZigBee-Manager/a18dd44a-0f1e-41a9-bfff-cd3454b03ae2/scratchpad/old.lock.txt
    #   ipython
    #   ipython-pygments-lexers
    #   rich
pyserial==3.5
    # via
    #   -c /tmp/claude-1000/-var-home-smu02-StudioProjects-ZigBee-Manager/a18dd44a-0f1e-41a9-bfff-cd3454b03ae2/scratchpad/old.lock.txt
    #   pyserial-asyncio-fast
pyserial-asyncio-fast==0.16
    # via
    #   -c /tmp/claude-1000/-var-home-smu02-StudioProjects-ZigBee-Manager/a18dd44a-0f1e-41a9-bfff-cd3454b03ae2/scratchpad/old.lock.txt
    #   zigpy
python-dateutil==2.9.0.post0
    # via
    #   -c /tmp/claude-1000/-var-home-smu02-StudioProjects-ZigBee-Manager/a18dd44a-0f1e-41a9-bfff-cd3454b03ae2/scratchpad/old.lock.txt
    #   tidalapi
python-dotenv==1.2.2
    # via
    #   -c /tmp/claude-1000/-var-home-smu02-StudioProjects-ZigBee-Manager/a18dd44a-0f1e-41a9-bfff-cd3454b03ae2/scratchpad/old.lock.txt
    #   uvicorn
python-matter-server==7.0.1
    # via
    #   -c /tmp/claude-1000/-var-home-smu02-StudioProjects-ZigBee-Manager/a18dd44a-0f1e-41a9-bfff-cd3454b03ae2/scratchpad/old.lock.txt
    #   -r requirements.txt
python-multipart==0.0.32
    # via
    #   -c /tmp/claude-1000/-var-home-smu02-StudioProjects-ZigBee-Manager/a18dd44a-0f1e-41a9-bfff-cd3454b03ae2/scratchpad/old.lock.txt
    #   -r requirements.txt
pyyaml==6.0.3
    # via
    #   -c /tmp/claude-1000/-var-home-smu02-StudioProjects-ZigBee-Manager/a18dd44a-0f1e-41a9-bfff-cd3454b03ae2/scratchpad/old.lock.txt
    #   -r requirements.txt
    #   home-assistant-chip-core
    #   uvicorn
ratelimit==2.2.1
    # via
    #   -c /tmp/claude-1000/-var-home-smu02-StudioProjects-ZigBee-Manager/a18dd44a-0f1e-41a9-bfff-cd3454b03ae2/scratchpad/old.lock.txt
    #   tidalapi
referencing==0.37.0
    # via
    #   -c /tmp/claude-1000/-var-home-smu02-StudioProjects-ZigBee-Manager/a18dd44a-0f1e-41a9-bfff-cd3454b03ae2/scratchpad/old.lock.txt
    #   jsonschema
    #   jsonschema-specifications
requests==2.34.2
    # via
    #   -c /tmp/claude-1000/-var-home-smu02-StudioProjects-ZigBee-Manager/a18dd44a-0f1e-41a9-bfff-cd3454b03ae2/scratchpad/old.lock.txt
    #   casttube
    #   tidalapi
rich==15.0.0
    # via
    #   -c /tmp/claude-1000/-var-home-smu02-StudioProjects-ZigBee-Manager/a18dd44a-0f1e-41a9-bfff-cd3454b03ae2/scratchpad/old.lock.txt
    #   home-assistant-chip-core
rpds-py==2026.5.1
    # via
    #   -c /tmp/claude-1000/-var-home-smu02-StudioProjects-ZigBee-Manager/a18dd44a-0f1e-41a9-bfff-cd3454b03ae2/scratchpad/old.lock.txt
    #   jsonschema
    #   referencing
six==1.17.0
    # via
    #   -c /tmp/claude-1000/-var-home-smu02-StudioProjects-ZigBee-Manager/a18dd44a-0f1e-41a9-bfff-cd3454b03ae2/scratchpad/old.lock.txt
    #   ecdsa
    #   python-dateutil
stack-data==0.6.3
    # via
    #   -c /tmp/claude-1000/-var-home-smu02-StudioProjects-ZigBee-Manager/a18dd44a-0f1e-41a9-bfff-cd3454b03ae2/scratchpad/old.lock.txt
    #   ipython
starlette==1.3.1
    # via
    #   -c /tmp/claude-1000/-var-home-smu02-StudioProjects-ZigBee-Manager/a18dd44a-0f1e-41a9-bfff-cd3454b03ae2/scratchpad/old.lock.txt
    #   fastapi
tidalapi==0.8.11
    # via
    #   -c /tmp/claude-1000/-var-home-smu02-StudioProjects-ZigBee-Manager/a18dd44a-0f1e-41a9-bfff-cd3454b03ae2/scratchpad/old.lock.txt
    #   -r requirements.txt
traitlets==5.15.1
    # via
    #   -c /tmp/claude-1000/-var-home-smu02-StudioProjects-ZigBee-Manager/a18dd44a-0f1e-41a9-bfff-cd3454b03ae2/scratchpad/old.lock.txt
    #   ipython
    #   matplotlib-inline
typing-extensions==4.15.0
    # via
    #   -c /tmp/claude-1000/-var-home-smu02-StudioProjects-ZigBee-Manager/a18dd44a-0f1e-41a9-bfff-cd3454b03ae2/scratchpad/old.lock.txt
    #   aiosignal
    #   aiosqlite
    #   anyio
    #   fastapi
    #   ipython
    #   pydantic
    #   pydantic-core
    #   referencing
    #   starlette
    #   tidalapi
    #   typing-inspection
    #   zigpy
typing-inspection==0.4.2
    # via
    #   -c /tmp/claude-1000/-var-home-smu02-StudioProjects-ZigBee-Manager/a18dd44a-0f1e-41a9-bfff-cd3454b03ae2/scratchpad/old.lock.txt
    #   fastapi
    #   pydantic
urllib3==2.7.0
    # via
    #   -c /tmp/claude-1000/-var-home-smu02-StudioProjects-ZigBee-Manager/a18dd44a-0f1e-41a9-bfff-cd3454b03ae2/scratchpad/old.lock.txt
    #   requests
uvicorn==0.49.0
    # via
    #   -c /tmp/claude-1000/-var-home-smu02-StudioProjects-ZigBee-Manager/a18dd44a-0f1e-41a9-bfff-cd3454b03ae2/scratchpad/old.lock.txt
    #   -r requirements.txt
uvloop==0.22.1
    # via
    #   -c /tmp/claude-1000/-var-home-smu02-StudioProjects-ZigBee-Manager/a18dd44a-0f1e-41a9-bfff-cd3454b03ae2/scratchpad/old.lock.txt
    #   uvicorn
voluptuous==0.16.0
    # via
    #   -c /tmp/claude-1000/-var-home-smu02-StudioProjects-ZigBee-Manager/a18dd44a-0f1e-41a9-bfff-cd3454b03ae2/scratchpad/old.lock.txt
    #   bellows
    #   zigpy
    #   zigpy-znp
watchfiles==1.2.0
    # via
    #   -c /tmp/claude-1000/-var-home-smu02-StudioProjects-ZigBee-Manager/a18dd44a-0f1e-41a9-bfff-cd3454b03ae2/scratchpad/old.lock.txt
    #   uvicorn
wcwidth==0.8.1
    # via
    #   -c /tmp/claude-1000/-var-home-smu02-StudioProjects-ZigBee-Manager/a18dd44a-0f1e-41a9-bfff-cd3454b03ae2/scratchpad/old.lock.txt
    #   prompt-toolkit
websockets==16.0
    # via
    #   -c /tmp/claude-1000/-var-home-smu02-StudioProjects-ZigBee-Manager/a18dd44a-0f1e-41a9-bfff-cd3454b03ae2/scratchpad/old.lock.txt
    #   uvicorn
wrapt==2.2.2
    # via deprecated
yarl==1.24.2
    # via
    #   -c /tmp/claude-1000/-var-home-smu02-StudioProjects-ZigBee-Manager/a18dd44a-0f1e-41a9-bfff-cd3454b03ae2/scratchpad/old.lock.txt
    #   aiohttp
zeroconf==0.136.2
    # via
    #   -c /tmp/claude-1000/-var-home-smu02-StudioProjects-ZigBee-Manager/a18dd44a-0f1e-41a9-bfff-cd3454b03ae2/scratchpad/old.lock.txt
    #   -r requirements.txt
    #   pychromecast
    #   python-matter-server
zha-quirks==0.0.112
    # via
    #   -c /tmp/claude-1000/-var-home-smu02-StudioProjects-ZigBee-Manager/a18dd44a-0f1e-41a9-bfff-cd3454b03ae2/scratchpad/old.lock.txt
    #   -r requirements.txt
zigpy==1.1.1
    # via
    #   -c /tmp/claude-1000/-var-home-smu02-StudioProjects-ZigBee-Manager/a18dd44a-0f1e-41a9-bfff-cd3454b03ae2/scratchpad/old.lock.txt
    #   -r requirements.txt
    #   bellows
    #   zha-quirks
    #   zigpy-znp
zigpy-znp==0.14.3
    # via
    #   -c /tmp/claude-1000/-var-home-smu02-StudioProjects-ZigBee-Manager/a18dd44a-0f1e-41a9-bfff-cd3454b03ae2/scratchpad/old.lock.txt
    #   -r requirements.txt
